
Microsoft Visual Studio Solution File, Format Version 12.00
# Visual Studio Version 17
VisualStudioVersion = 17.14.36121.58
MinimumVisualStudioVersion = 10.0.40219.1
Project("{FAE04EC0-301F-11D3-BF4B-00C04F79EFBC}") = "EncounterTracker", "DndTracker\EncounterTracker.csproj", "{10423A06-B565-4164-B440-64E7555D391A}"
EndProject
Global
	GlobalSection(SolutionConfigurationPlatforms) = preSolution
		Debug|Any CPU = Debug|Any CPU
		Release|Any CPU = Release|Any CPU
	EndGlobalSection
	GlobalSection(ProjectConfigurationPlatforms) = postSolution
		{10423A06-B565-4164-B440-64E7555D391A}.Debug|Any CPU.ActiveCfg = Debug|Any CPU
		{10423A06-B565-4164-B440-64E7555D391A}.Debug|Any CPU.Build.0 = Debug|Any CPU
		{10423A06-B565-4164-B440-64E7555D391A}.Release|Any CPU.ActiveCfg = Release|Any CPU
		{10423A06-B565-4164-B440-64E7555D391A}.Release|Any CPU.Build.0 = Release|Any CPU
	EndGlobalSection
	GlobalSection(SolutionProperties) = preSolution
		HideSolutionNode = FALSE
	EndGlobalSection
	GlobalSection(ExtensibilityGlobals) = postSolution
		SolutionGuid = {C4BCE87D-3D40-4867-AF16-AA0C6B601CDE}
	EndGlobalSection
EndGlobal
